
Microsoft Visual Studio Solution File, Format Version 12.00
# Visual Studio Version 17
VisualStudioVersion = 17.11.35312.102
MinimumVisualStudioVersion = 10.0.40219.1
Project("{9A19103F-16F7-4668-BE54-9A1E7A4F7556}") = "Ex1", "CSharpExercises\Ex1.csproj", "{59F1F3B4-3B3A-427F-A8ED-EACEED8BF834}"
EndProject
Project("{9A19103F-16F7-4668-BE54-9A1E7A4F7556}") = "Ex2", "Ex2\Ex2.csproj", "{7AB7DA9A-2B1D-43CB-A447-37FD086037F1}"
EndProject
Project("{9A19103F-16F7-4668-BE54-9A1E7A4F7556}") = "Ex3", "Ex3\Ex3.csproj", "{8C434D08-E2FB-407D-8BCF-B00A0F567A63}"
EndProject
Project("{9A19103F-16F7-4668-BE54-9A1E7A4F7556}") = "Ex4", "Ex4\Ex4.csproj", "{80804984-958A-4036-A9AB-B5610AE8288A}"
EndProject
Project("{9A19103F-16F7-4668-BE54-9A1E7A4F7556}") = "Ex21", "Ex21\Ex21.csproj", "{FD2D07BC-2DD6-415C-909B-11E2F5655BD9}"
EndProject
Project("{9A19103F-16F7-4668-BE54-9A1E7A4F7556}") = "Ex22", "Ex22\Ex22.csproj", "{7EFD116E-3101-46F3-BCCA-69F2B9DCC9F5}"
EndProject
Project("{9A19103F-16F7-4668-BE54-9A1E7A4F7556}") = "Ex23", "Ex23\Ex23.csproj", "{A260431E-1B00-40DC-ACD8-A6F218F91B2C}"
EndProject
Project("{9A19103F-16F7-4668-BE54-9A1E7A4F7556}") = "Ex24", "Ex24\Ex24.csproj", "{15C037DA-FFFB-436D-8015-67D84D077E23}"
EndProject
Project("{9A19103F-16F7-4668-BE54-9A1E7A4F7556}") = "Ex25", "Ex25\Ex25.csproj", "{A318BDD9-6CDE-443D-9136-707471D983F6}"
EndProject
Project("{9A19103F-16F7-4668-BE54-9A1E7A4F7556}") = "Ex31", "Ex31\Ex31.csproj", "{C146B25F-8BE2-449F-9F43-FA99B13A5113}"
EndProject
Project("{9A19103F-16F7-4668-BE54-9A1E7A4F7556}") = "Ex32", "Ex32\Ex32.csproj", "{BCB7B1AB-D1EA-446C-8BF0-717C27CD82EB}"
EndProject
Project("{9A19103F-16F7-4668-BE54-9A1E7A4F7556}") = "Ex33", "Ex33\Ex33.csproj", "{984D78C9-9968-4A52-9C01-35E47080358F}"
EndProject
Project("{9A19103F-16F7-4668-BE54-9A1E7A4F7556}") = "Ex34", "Ex34\Ex34.csproj", "{211EDF60-2927-47FC-A749-9FD36E4B4D8A}"
EndProject
Project("{9A19103F-16F7-4668-BE54-9A1E7A4F7556}") = "Ex35", "Ex35\Ex35.csproj", "{B7A2BC36-8125-4B9D-B68E-97CC6A32FFE0}"
EndProject
Project("{9A19103F-16F7-4668-BE54-9A1E7A4F7556}") = "Ex41", "Ex41\Ex41.csproj", "{CC63188B-5113-4DFF-8768-A7450FBF25AB}"
EndProject
Project("{FAE04EC0-301F-11D3-BF4B-00C04F79EFBC}") = "LearningEx1", "JustATest\LearningEx1.csproj", "{D260F363-DDD1-44A5-8065-15DD4B5293E4}"
EndProject
Project("{FAE04EC0-301F-11D3-BF4B-00C04F79EFBC}") = "LearningEx2", "LearningEx2\LearningEx2.csproj", "{4E07E744-88DE-4D10-BB84-7D1E109E2568}"
EndProject
Project("{FAE04EC0-301F-11D3-BF4B-00C04F79EFBC}") = "LearningEx3", "LearningEx3\LearningEx3.csproj", "{7B6B5BF8-3F21-4951-BDDE-98FCBC5681A6}"
EndProject
Project("{FAE04EC0-301F-11D3-BF4B-00C04F79EFBC}") = "LearningEx4", "LearningEx4\LearningEx4.csproj", "{C55D888F-489B-4EBE-B439-65FC7320AB0F}"
EndProject
Project("{FAE04EC0-301F-11D3-BF4B-00C04F79EFBC}") = "LearningEx5", "LearningEx5\LearningEx5.csproj", "{220EBBDC-6FD3-4701-BE72-807C8B6E49AF}"
EndProject
Project("{FAE04EC0-301F-11D3-BF4B-00C04F79EFBC}") = "LearningEx6", "LearningEx6\LearningEx6.csproj", "{477C7246-7A14-4F44-BFBD-292F9F5307E4}"
EndProject
Global
	GlobalSection(SolutionConfigurationPlatforms) = preSolution
		Debug|Any CPU = Debug|Any CPU
		Release|Any CPU = Release|Any CPU
	EndGlobalSection
	GlobalSection(ProjectConfigurationPlatforms) = postSolution
		{59F1F3B4-3B3A-427F-A8ED-EACEED8BF834}.Debug|Any CPU.ActiveCfg = Debug|Any CPU
		{59F1F3B4-3B3A-427F-A8ED-EACEED8BF834}.Debug|Any CPU.Build.0 = Debug|Any CPU
		{59F1F3B4-3B3A-427F-A8ED-EACEED8BF834}.Release|Any CPU.ActiveCfg = Release|Any CPU
		{59F1F3B4-3B3A-427F-A8ED-EACEED8BF834}.Release|Any CPU.Build.0 = Release|Any CPU
		{7AB7DA9A-2B1D-43CB-A447-37FD086037F1}.Debug|Any CPU.ActiveCfg = Debug|Any CPU
		{7AB7DA9A-2B1D-43CB-A447-37FD086037F1}.Debug|Any CPU.Build.0 = Debug|Any CPU
		{7AB7DA9A-2B1D-43CB-A447-37FD086037F1}.Release|Any CPU.ActiveCfg = Release|Any CPU
		{7AB7DA9A-2B1D-43CB-A447-37FD086037F1}.Release|Any CPU.Build.0 = Release|Any CPU
		{8C434D08-E2FB-407D-8BCF-B00A0F567A63}.Debug|Any CPU.ActiveCfg = Debug|Any CPU
		{8C434D08-E2FB-407D-8BCF-B00A0F567A63}.Debug|Any CPU.Build.0 = Debug|Any CPU
		{8C434D08-E2FB-407D-8BCF-B00A0F567A63}.Release|Any CPU.ActiveCfg = Release|Any CPU
		{8C434D08-E2FB-407D-8BCF-B00A0F567A63}.Release|Any CPU.Build.0 = Release|Any CPU
		{80804984-958A-4036-A9AB-B5610AE8288A}.Debug|Any CPU.ActiveCfg = Debug|Any CPU
		{80804984-958A-4036-A9AB-B5610AE8288A}.Debug|Any CPU.Build.0 = Debug|Any CPU
		{80804984-958A-4036-A9AB-B5610AE8288A}.Release|Any CPU.ActiveCfg = Release|Any CPU
		{80804984-958A-4036-A9AB-B5610AE8288A}.Release|Any CPU.Build.0 = Release|Any CPU
		{FD2D07BC-2DD6-415C-909B-11E2F5655BD9}.Debug|Any CPU.ActiveCfg = Debug|Any CPU
		{FD2D07BC-2DD6-415C-909B-11E2F5655BD9}.Debug|Any CPU.Build.0 = Debug|Any CPU
		{FD2D07BC-2DD6-415C-909B-11E2F5655BD9}.Release|Any CPU.ActiveCfg = Release|Any CPU
		{FD2D07BC-2DD6-415C-909B-11E2F5655BD9}.Release|Any CPU.Build.0 = Release|Any CPU
		{7EFD116E-3101-46F3-BCCA-69F2B9DCC9F5}.Debug|Any CPU.ActiveCfg = Debug|Any CPU
		{7EFD116E-3101-46F3-BCCA-69F2B9DCC9F5}.Debug|Any CPU.Build.0 = Debug|Any CPU
		{7EFD116E-3101-46F3-BCCA-69F2B9DCC9F5}.Release|Any CPU.ActiveCfg = Release|Any CPU
		{7EFD116E-3101-46F3-BCCA-69F2B9DCC9F5}.Release|Any CPU.Build.0 = Release|Any CPU
		{A260431E-1B00-40DC-ACD8-A6F218F91B2C}.Debug|Any CPU.ActiveCfg = Debug|Any CPU
		{A260431E-1B00-40DC-ACD8-A6F218F91B2C}.Debug|Any CPU.Build.0 = Debug|Any CPU
		{A260431E-1B00-40DC-ACD8-A6F218F91B2C}.Release|Any CPU.ActiveCfg = Release|Any CPU
		{A260431E-1B00-40DC-ACD8-A6F218F91B2C}.Release|Any CPU.Build.0 = Release|Any CPU
		{15C037DA-FFFB-436D-8015-67D84D077E23}.Debug|Any CPU.ActiveCfg = Debug|Any CPU
		{15C037DA-FFFB-436D-8015-67D84D077E23}.Debug|Any CPU.Build.0 = Debug|Any CPU
		{15C037DA-FFFB-436D-8015-67D84D077E23}.Release|Any CPU.ActiveCfg = Release|Any CPU
		{15C037DA-FFFB-436D-8015-67D84D077E23}.Release|Any CPU.Build.0 = Release|Any CPU
		{A318BDD9-6CDE-443D-9136-707471D983F6}.Debug|Any CPU.ActiveCfg = Debug|Any CPU
		{A318BDD9-6CDE-443D-9136-707471D983F6}.Debug|Any CPU.Build.0 = Debug|Any CPU
		{A318BDD9-6CDE-443D-9136-707471D983F6}.Release|Any CPU.ActiveCfg = Release|Any CPU
		{A318BDD9-6CDE-443D-9136-707471D983F6}.Release|Any CPU.Build.0 = Release|Any CPU
		{C146B25F-8BE2-449F-9F43-FA99B13A5113}.Debug|Any CPU.ActiveCfg = Debug|Any CPU
		{C146B25F-8BE2-449F-9F43-FA99B13A5113}.Debug|Any CPU.Build.0 = Debug|Any CPU
		{C146B25F-8BE2-449F-9F43-FA99B13A5113}.Release|Any CPU.ActiveCfg = Release|Any CPU
		{C146B25F-8BE2-449F-9F43-FA99B13A5113}.Release|Any CPU.Build.0 = Release|Any CPU
		{BCB7B1AB-D1EA-446C-8BF0-717C27CD82EB}.Debug|Any CPU.ActiveCfg = Debug|Any CPU
		{BCB7B1AB-D1EA-446C-8BF0-717C27CD82EB}.Debug|Any CPU.Build.0 = Debug|Any CPU
		{BCB7B1AB-D1EA-446C-8BF0-717C27CD82EB}.Release|Any CPU.ActiveCfg = Release|Any CPU
		{BCB7B1AB-D1EA-446C-8BF0-717C27CD82EB}.Release|Any CPU.Build.0 = Release|Any CPU
		{984D78C9-9968-4A52-9C01-35E47080358F}.Debug|Any CPU.ActiveCfg = Debug|Any CPU
		{984D78C9-9968-4A52-9C01-35E47080358F}.Debug|Any CPU.Build.0 = Debug|Any CPU
		{984D78C9-9968-4A52-9C01-35E47080358F}.Release|Any CPU.ActiveCfg = Release|Any CPU
		{984D78C9-9968-4A52-9C01-35E47080358F}.Release|Any CPU.Build.0 = Release|Any CPU
		{211EDF60-2927-47FC-A749-9FD36E4B4D8A}.Debug|Any CPU.ActiveCfg = Debug|Any CPU
		{211EDF60-2927-47FC-A749-9FD36E4B4D8A}.Debug|Any CPU.Build.0 = Debug|Any CPU
		{211EDF60-2927-47FC-A749-9FD36E4B4D8A}.Release|Any CPU.ActiveCfg = Release|Any CPU
		{211EDF60-2927-47FC-A749-9FD36E4B4D8A}.Release|Any CPU.Build.0 = Release|Any CPU
		{B7A2BC36-8125-4B9D-B68E-97CC6A32FFE0}.Debug|Any CPU.ActiveCfg = Debug|Any CPU
		{B7A2BC36-8125-4B9D-B68E-97CC6A32FFE0}.Debug|Any CPU.Build.0 = Debug|Any CPU
		{B7A2BC36-8125-4B9D-B68E-97CC6A32FFE0}.Release|Any CPU.ActiveCfg = Release|Any CPU
		{B7A2BC36-8125-4B9D-B68E-97CC6A32FFE0}.Release|Any CPU.Build.0 = Release|Any CPU
		{CC63188B-5113-4DFF-8768-A7450FBF25AB}.Debug|Any CPU.ActiveCfg = Debug|Any CPU
		{CC63188B-5113-4DFF-8768-A7450FBF25AB}.Debug|Any CPU.Build.0 = Debug|Any CPU
		{CC63188B-5113-4DFF-8768-A7450FBF25AB}.Release|Any CPU.ActiveCfg = Release|Any CPU
		{CC63188B-5113-4DFF-8768-A7450FBF25AB}.Release|Any CPU.Build.0 = Release|Any CPU
		{D260F363-DDD1-44A5-8065-15DD4B5293E4}.Debug|Any CPU.ActiveCfg = Debug|Any CPU
		{D260F363-DDD1-44A5-8065-15DD4B5293E4}.Debug|Any CPU.Build.0 = Debug|Any CPU
		{D260F363-DDD1-44A5-8065-15DD4B5293E4}.Release|Any CPU.ActiveCfg = Release|Any CPU
		{D260F363-DDD1-44A5-8065-15DD4B5293E4}.Release|Any CPU.Build.0 = Release|Any CPU
		{4E07E744-88DE-4D10-BB84-7D1E109E2568}.Debug|Any CPU.ActiveCfg = Debug|Any CPU
		{4E07E744-88DE-4D10-BB84-7D1E109E2568}.Debug|Any CPU.Build.0 = Debug|Any CPU
		{4E07E744-88DE-4D10-BB84-7D1E109E2568}.Release|Any CPU.ActiveCfg = Release|Any CPU
		{4E07E744-88DE-4D10-BB84-7D1E109E2568}.Release|Any CPU.Build.0 = Release|Any CPU
		{7B6B5BF8-3F21-4951-BDDE-98FCBC5681A6}.Debug|Any CPU.ActiveCfg = Debug|Any CPU
		{7B6B5BF8-3F21-4951-BDDE-98FCBC5681A6}.Debug|Any CPU.Build.0 = Debug|Any CPU
		{7B6B5BF8-3F21-4951-BDDE-98FCBC5681A6}.Release|Any CPU.ActiveCfg = Release|Any CPU
		{7B6B5BF8-3F21-4951-BDDE-98FCBC5681A6}.Release|Any CPU.Build.0 = Release|Any CPU
		{C55D888F-489B-4EBE-B439-65FC7320AB0F}.Debug|Any CPU.ActiveCfg = Debug|Any CPU
		{C55D888F-489B-4EBE-B439-65FC7320AB0F}.Debug|Any CPU.Build.0 = Debug|Any CPU
		{C55D888F-489B-4EBE-B439-65FC7320AB0F}.Release|Any CPU.ActiveCfg = Release|Any CPU
		{C55D888F-489B-4EBE-B439-65FC7320AB0F}.Release|Any CPU.Build.0 = Release|Any CPU
		{220EBBDC-6FD3-4701-BE72-807C8B6E49AF}.Debug|Any CPU.ActiveCfg = Debug|Any CPU
		{220EBBDC-6FD3-4701-BE72-807C8B6E49AF}.Debug|Any CPU.Build.0 = Debug|Any CPU
		{220EBBDC-6FD3-4701-BE72-807C8B6E49AF}.Release|Any CPU.ActiveCfg = Release|Any CPU
		{220EBBDC-6FD3-4701-BE72-807C8B6E49AF}.Release|Any CPU.Build.0 = Release|Any CPU
		{477C7246-7A14-4F44-BFBD-292F9F5307E4}.Debug|Any CPU.ActiveCfg = Debug|Any CPU
		{477C7246-7A14-4F44-BFBD-292F9F5307E4}.Debug|Any CPU.Build.0 = Debug|Any CPU
		{477C7246-7A14-4F44-BFBD-292F9F5307E4}.Release|Any CPU.ActiveCfg = Release|Any CPU
		{477C7246-7A14-4F44-BFBD-292F9F5307E4}.Release|Any CPU.Build.0 = Release|Any CPU
	EndGlobalSection
	GlobalSection(SolutionProperties) = preSolution
		HideSolutionNode = FALSE
	EndGlobalSection
	GlobalSection(ExtensibilityGlobals) = postSolution
		SolutionGuid = {EBD692BD-1794-4E0A-9BA7-C4B7EAE9554F}
	EndGlobalSection
EndGlobal
